# Generated by buf. DO NOT EDIT.
version: v1
deps:
  - remote: buf.build
    owner: cometbft
    repository: cometbft
    commit: 68e42a58b3014033aee53aa3202bf37c
  - remote: buf.build
    owner: cosmos
    repository: cosmos-proto
    commit: 1935555c206d4afb9e94615dfd0fad31
  - remote: buf.build
    owner: cosmos
    repository: cosmos-sdk
    commit: aa25660f4ff746388669ce36b3778442
  - remote: buf.build
    owner: cosmos
    repository: gogo-proto
    commit: 34d970b699f84aa382f3c29773a60836
  - remote: buf.build
    owner: cosmos
    repository: ics23
    commit: 55085f7c710a45f58fa09947208eb70b
  - remote: buf.build
    owner: googleapis
    repository: googleapis
    commit: 8d7204855ec14631a499bd7393ce1970
